{
  "name": "love2d_thing",
  "lockfileVersion": 3,
  "requires": true,
  "packages": {
    "": {
      "devDependencies": {
        "love-typescript-definitions": "^11.4.2",
        "lua-types": "^2.13.1",
        "typescript": "^5.4.4",
        "typescript-to-lua": "file:..."
      }
    },
    "...": {
      "dev": true
    },
    "node_modules/love-typescript-definitions": {
      "version": "11.4.2",
      "resolved": "https://registry.npmjs.org/love-typescript-definitions/-/love-typescript-definitions-11.4.2.tgz",
      "integrity": "sha512-JWsc4ocM0T2j5geS89UjAXBKIZlUCpUfYS5Lo5OAHiTyci1973tlAieBNZzP9hm196nltfdSr5iKUuLo9zGLAA==",
      "dev": true
    },
    "node_modules/lua-types": {
      "version": "2.13.1",
      "resolved": "https://registry.npmjs.org/lua-types/-/lua-types-2.13.1.tgz",
      "integrity": "sha512-rRwtvX6kS+5MpuO3xpvKsnYjdSDDI064Qq1OqX8gY+r+0l7m3dFLiZPDFoHqH22jaBpEvcHcPs6+WD7qkdmFsA==",
      "dev": true
    },
    "node_modules/typescript": {
      "version": "5.4.4",
      "resolved": "https://registry.npmjs.org/typescript/-/typescript-5.4.4.tgz",
      "integrity": "sha512-dGE2Vv8cpVvw28v8HCPqyb08EzbBURxDpuhJvTrusShUfGnhHBafDsLdS1EhhxyL6BJQE+2cT3dDPAv+MQ6oLw==",
      "dev": true,
      "bin": {
        "tsc": "bin/tsc",
        "tsserver": "bin/tsserver"
      },
      "engines": {
        "node": ">=14.17"
      }
    },
    "node_modules/typescript-to-lua": {
      "resolved": "...",
      "link": true
    }
  }
}
